// !$*UTF8*$!
{
	archiveVersion = 1;
	classes = {
	};
	objectVersion = 46;
	objects = {

/* Begin PBXBuildFile section */
		6B45E6D2193DE45300263C1F /* AppDelegate.swift in Sources */ = {isa = PBXBuildFile; fileRef = 6B45E6D1193DE45300263C1F /* AppDelegate.swift */; };
		6B45E6D4193DE45300263C1F /* ViewController.swift in Sources */ = {isa = PBXBuildFile; fileRef = 6B45E6D3193DE45300263C1F /* ViewController.swift */; };
		6B45E6D7193DE45300263C1F /* Main.storyboard in Resources */ = {isa = PBXBuildFile; fileRef = 6B45E6D5193DE45300263C1F /* Main.storyboard */; };
		6B45E6D9193DE45300263C1F /* Images.xcassets in Resources */ = {isa = PBXBuildFile; fileRef = 6B45E6D8193DE45300263C1F /* Images.xcassets */; };
		6B45E6E5193DE45300263C1F /* CalculatorTests.swift in Sources */ = {isa = PBXBuildFile; fileRef = 6B45E6E4193DE45300263C1F /* CalculatorTests.swift */; };
		6B45E6EF193DE83900263C1F /* CalcEngine.swift in Sources */ = {isa = PBXBuildFile; fileRef = 6B45E6EE193DE83900263C1F /* CalcEngine.swift */; };
/* End PBXBuildFile section */

/* Begin PBXContainerItemProxy section */
		6B45E6DF193DE45300263C1F /* PBXContainerItemProxy */ = {
			isa = PBXContainerItemProxy;
			containerPortal = 6B45E6C4193DE45300263C1F /* Project object */;
			proxyType = 1;
			remoteGlobalIDString = 6B45E6CB193DE45300263C1F;
			remoteInfo = Calculator;
		};
/* End PBXContainerItemProxy section */

/* Begin PBXFileReference section */
		6B45E6CC193DE45300263C1F /* Calculator.app */ = {isa = PBXFileReference; explicitFileType = wrapper.application; includeInIndex = 0; path = Calculator.app; sourceTree = BUILT_PRODUCTS_DIR; };
		6B45E6D0193DE45300263C1F /* Info.plist */ = {isa = PBXFileReference; lastKnownFileType = text.plist.xml; path = Info.plist; sourceTree = "<group>"; };
		6B45E6D1193DE45300263C1F /* AppDelegate.swift */ = {isa = PBXFileReference; lastKnownFileType = sourcecode.swift; path = AppDelegate.swift; sourceTree = "<group>"; };
		6B45E6D3193DE45300263C1F /* ViewController.swift */ = {isa = PBXFileReference; lastKnownFileType = sourcecode.swift; path = ViewController.swift; sourceTree = "<group>"; };
		6B45E6D6193DE45300263C1F /* Base */ = {isa = PBXFileReference; lastKnownFileType = file.storyboard; name = Base; path = Base.lproj/Main.storyboard; sourceTree = "<group>"; };
		6B45E6D8193DE45300263C1F /* Images.xcassets */ = {isa = PBXFileReference; lastKnownFileType = folder.assetcatalog; path = Images.xcassets; sourceTree = "<group>"; };
		6B45E6DE193DE45300263C1F /* CalculatorTests.xctest */ = {isa = PBXFileReference; explicitFileType = wrapper.cfbundle; includeInIndex = 0; path = CalculatorTests.xctest; sourceTree = BUILT_PRODUCTS_DIR; };
		6B45E6E3193DE45300263C1F /* Info.plist */ = {isa = PBXFileReference; lastKnownFileType = text.plist.xml; path = Info.plist; sourceTree = "<group>"; };
		6B45E6E4193DE45300263C1F /* CalculatorTests.swift */ = {isa = PBXFileReference; lastKnownFileType = sourcecode.swift; path = CalculatorTests.swift; sourceTree = "<group>"; };
		6B45E6EE193DE83900263C1F /* CalcEngine.swift */ = {isa = PBXFileReference; fileEncoding = 4; lastKnownFileType = sourcecode.swift; path = CalcEngine.swift; sourceTree = "<group>"; };
		6B45E6F0193DE99200263C1F /* CalcEnginePlayground.playground */ = {isa = PBXFileReference; lastKnownFileType = file.playground; path = CalcEnginePlayground.playground; sourceTree = "<group>"; };
/* End PBXFileReference section */

/* Begin PBXFrameworksBuildPhase section */
		6B45E6C9193DE45300263C1F /* Frameworks */ = {
			isa = PBXFrameworksBuildPhase;
			buildActionMask = 2147483647;
			files = (
			);
			runOnlyForDeploymentPostprocessing = 0;
		};
		6B45E6DB193DE45300263C1F /* Frameworks */ = {
			isa = PBXFrameworksBuildPhase;
			buildActionMask = 2147483647;
			files = (
			);
			runOnlyForDeploymentPostprocessing = 0;
		};
/* End PBXFrameworksBuildPhase section */

/* Begin PBXGroup section */
		6B45E6C3193DE45300263C1F = {
			isa = PBXGroup;
			children = (
				6B45E6CE193DE45300263C1F /* Calculator */,
				6B45E6E1193DE45300263C1F /* CalculatorTests */,
				6B45E6CD193DE45300263C1F /* Products */,
			);
			sourceTree = "<group>";
		};
		6B45E6CD193DE45300263C1F /* Products */ = {
			isa = PBXGroup;
			children = (
				6B45E6CC193DE45300263C1F /* Calculator.app */,
				6B45E6DE193DE45300263C1F /* CalculatorTests.xctest */,
			);
			name = Products;
			sourceTree = "<group>";
		};
		6B45E6CE193DE45300263C1F /* Calculator */ = {
			isa = PBXGroup;
			children = (
				6B45E6D1193DE45300263C1F /* AppDelegate.swift */,
				6B45E6D3193DE45300263C1F /* ViewController.swift */,
				6B45E6D5193DE45300263C1F /* Main.storyboard */,
				6B45E6D8193DE45300263C1F /* Images.xcassets */,
				6B45E6CF193DE45300263C1F /* Supporting Files */,
				6B45E6EE193DE83900263C1F /* CalcEngine.swift */,
				6B45E6F0193DE99200263C1F /* CalcEnginePlayground.playground */,
			);
			path = Calculator;
			sourceTree = "<group>";
		};
		6B45E6CF193DE45300263C1F /* Supporting Files */ = {
			isa = PBXGroup;
			children = (
				6B45E6D0193DE45300263C1F /* Info.plist */,
			);
			name = "Supporting Files";
			sourceTree = "<group>";
		};
		6B45E6E1193DE45300263C1F /* CalculatorTests */ = {
			isa = PBXGroup;
			children = (
				6B45E6E4193DE45300263C1F /* CalculatorTests.swift */,
				6B45E6E2193DE45300263C1F /* Supporting Files */,
			);
			path = CalculatorTests;
			sourceTree = "<group>";
		};
		6B45E6E2193DE45300263C1F /* Supporting Files */ = {
			isa = PBXGroup;
			children = (
				6B45E6E3193DE45300263C1F /* Info.plist */,
			);
			name = "Supporting Files";
			sourceTree = "<group>";
		};
/* End PBXGroup section */

/* Begin PBXNativeTarget section */
		6B45E6CB193DE45300263C1F /* Calculator */ = {
			isa = PBXNativeTarget;
			buildConfigurationList = 6B45E6E8193DE45300263C1F /* Build configuration list for PBXNativeTarget "Calculator" */;
			buildPhases = (
				6B45E6C8193DE45300263C1F /* Sources */,
				6B45E6C9193DE45300263C1F /* Frameworks */,
				6B45E6CA193DE45300263C1F /* Resources */,
			);
			buildRules = (
			);
			dependencies = (
			);
			name = Calculator;
			productName = Calculator;
			productReference = 6B45E6CC193DE45300263C1F /* Calculator.app */;
			productType = "com.apple.product-type.application";
		};
		6B45E6DD193DE45300263C1F /* CalculatorTests */ = {
			isa = PBXNativeTarget;
			buildConfigurationList = 6B45E6EB193DE45300263C1F /* Build configuration list for PBXNativeTarget "CalculatorTests" */;
			buildPhases = (
				6B45E6DA193DE45300263C1F /* Sources */,
				6B45E6DB193DE45300263C1F /* Frameworks */,
				6B45E6DC193DE45300263C1F /* Resources */,
			);
			buildRules = (
			);
			dependencies = (
				6B45E6E0193DE45300263C1F /* PBXTargetDependency */,
			);
			name = CalculatorTests;
			productName = CalculatorTests;
			productReference = 6B45E6DE193DE45300263C1F /* CalculatorTests.xctest */;
			productType = "com.apple.product-type.bundle.unit-test";
		};
/* End PBXNativeTarget section */

/* Begin PBXProject section */
		6B45E6C4193DE45300263C1F /* Project object */ = {
			isa = PBXProject;
			attributes = {
				LastSwiftMigration = 0700;
				LastSwiftUpdateCheck = 0700;
				LastUpgradeCheck = 0600;
				ORGANIZATIONNAME = "André Ohlrogge";
				TargetAttributes = {
					6B45E6CB193DE45300263C1F = {
						CreatedOnToolsVersion = 6.0;
					};
					6B45E6DD193DE45300263C1F = {
						CreatedOnToolsVersion = 6.0;
						TestTargetID = 6B45E6CB193DE45300263C1F;
					};
				};
			};
			buildConfigurationList = 6B45E6C7193DE45300263C1F /* Build configuration list for PBXProject "Calculator" */;
			compatibilityVersion = "Xcode 3.2";
			developmentRegion = English;
			hasScannedForEncodings = 0;
			knownRegions = (
				en,
				Base,
			);
			mainGroup = 6B45E6C3193DE45300263C1F;
			productRefGroup = 6B45E6CD193DE45300263C1F /* Products */;
			projectDirPath = "";
			projectRoot = "";
			targets = (
				6B45E6CB193DE45300263C1F /* Calculator */,
				6B45E6DD193DE45300263C1F /* CalculatorTests */,
			);
		};
/* End PBXProject section */

/* Begin PBXResourcesBuildPhase section */
		6B45E6CA193DE45300263C1F /* Resources */ = {
			isa = PBXResourcesBuildPhase;
			buildActionMask = 2147483647;
			files = (
				6B45E6D7193DE45300263C1F /* Main.storyboard in Resources */,
				6B45E6D9193DE45300263C1F /* Images.xcassets in Resources */,
			);
			runOnlyForDeploymentPostprocessing = 0;
		};
		6B45E6DC193DE45300263C1F /* Resources */ = {
			isa = PBXResourcesBuildPhase;
			buildActionMask = 2147483647;
			files = (
			);
			runOnlyForDeploymentPostprocessing = 0;
		};
/* End PBXResourcesBuildPhase section */

/* Begin PBXSourcesBuildPhase section */
		6B45E6C8193DE45300263C1F /* Sources */ = {
			isa = PBXSourcesBuildPhase;
			buildActionMask = 2147483647;
			files = (
				6B45E6D4193DE45300263C1F /* ViewController.swift in Sources */,
				6B45E6EF193DE83900263C1F /* CalcEngine.swift in Sources */,
				6B45E6D2193DE45300263C1F /* AppDelegate.swift in Sources */,
			);
			runOnlyForDeploymentPostprocessing = 0;
		};
		6B45E6DA193DE45300263C1F /* Sources */ = {
			isa = PBXSourcesBuildPhase;
			buildActionMask = 2147483647;
			files = (
				6B45E6E5193DE45300263C1F /* CalculatorTests.swift in Sources */,
			);
			runOnlyForDeploymentPostprocessing = 0;
		};
/* End PBXSourcesBuildPhase section */

/* Begin PBXTargetDependency section */
		6B45E6E0193DE45300263C1F /* PBXTargetDependency */ = {
			isa = PBXTargetDependency;
			target = 6B45E6CB193DE45300263C1F /* Calculator */;
			targetProxy = 6B45E6DF193DE45300263C1F /* PBXContainerItemProxy */;
		};
/* End PBXTargetDependency section */

/* Begin PBXVariantGroup section */
		6B45E6D5193DE45300263C1F /* Main.storyboard */ = {
			isa = PBXVariantGroup;
			children = (
				6B45E6D6193DE45300263C1F /* Base */,
			);
			name = Main.storyboard;
			sourceTree = "<group>";
		};
/* End PBXVariantGroup section */

/* Begin XCBuildConfiguration section */
		6B45E6E6193DE45300263C1F /* Debug */ = {
			isa = XCBuildConfiguration;
			buildSettings = {
				ALWAYS_SEARCH_USER_PATHS = NO;
				CLANG_CXX_LANGUAGE_STANDARD = "gnu++0x";
				CLANG_CXX_LIBRARY = "libc++";
				CLANG_ENABLE_MODULES = YES;
				CLANG_ENABLE_OBJC_ARC = YES;
				CLANG_WARN_BOOL_CONVERSION = YES;
				CLANG_WARN_CONSTANT_CONVERSION = YES;
				CLANG_WARN_DIRECT_OBJC_ISA_USAGE = YES_ERROR;
				CLANG_WARN_EMPTY_BODY = YES;
				CLANG_WARN_ENUM_CONVERSION = YES;
				CLANG_WARN_INT_CONVERSION = YES;
				CLANG_WARN_OBJC_ROOT_CLASS = YES_ERROR;
				CLANG_WARN_UNREACHABLE_CODE = YES;
				CLANG_WARN__DUPLICATE_METHOD_MATCH = YES;
				"CODE_SIGN_IDENTITY[sdk=iphoneos*]" = "iPhone Developer";
				COPY_PHASE_STRIP = NO;
				ENABLE_STRICT_OBJC_MSGSEND = YES;
				GCC_C_LANGUAGE_STANDARD = gnu99;
				GCC_DYNAMIC_NO_PIC = NO;
				GCC_OPTIMIZATION_LEVEL = 0;
				GCC_PREPROCESSOR_DEFINITIONS = (
					"DEBUG=1",
					"$(inherited)",
				);
				GCC_SYMBOLS_PRIVATE_EXTERN = NO;
				GCC_WARN_64_TO_32_BIT_CONVERSION = YES;
				GCC_WARN_ABOUT_RETURN_TYPE = YES_ERROR;
				GCC_WARN_UNDECLARED_SELECTOR = YES;
				GCC_WARN_UNINITIALIZED_AUTOS = YES_AGGRESSIVE;
				GCC_WARN_UNUSED_FUNCTION = YES;
				GCC_WARN_UNUSED_VARIABLE = YES;
				IPHONEOS_DEPLOYMENT_TARGET = 8.0;
				METAL_ENABLE_DEBUG_INFO = YES;
				ONLY_ACTIVE_ARCH = YES;
				SDKROOT = iphoneos;
				SWIFT_OPTIMIZATION_LEVEL = "-Onone";
				TARGETED_DEVICE_FAMILY = "1,2";
			};
			name = Debug;
		};
		6B45E6E7193DE45300263C1F /* Release */ = {
			isa = XCBuildConfiguration;
			buildSettings = {
				ALWAYS_SEARCH_USER_PATHS = NO;
				CLANG_CXX_LANGUAGE_STANDARD = "gnu++0x";
				CLANG_CXX_LIBRARY = "libc++";
				CLANG_ENABLE_MODULES = YES;
				CLANG_ENABLE_OBJC_ARC = YES;
				CLANG_WARN_BOOL_CONVERSION = YES;
				CLANG_WARN_CONSTANT_CONVERSION = YES;
				CLANG_WARN_DIRECT_OBJC_ISA_USAGE = YES_ERROR;
				CLANG_WARN_EMPTY_BODY = YES;
				CLANG_WARN_ENUM_CONVERSION = YES;
				CLANG_WARN_INT_CONVERSION = YES;
				CLANG_WARN_OBJC_ROOT_CLASS = YES_ERROR;
				CLANG_WARN_UNREACHABLE_CODE = YES;
				CLANG_WARN__DUPLICATE_METHOD_MATCH = YES;
				"CODE_SIGN_IDENTITY[sdk=iphoneos*]" = "iPhone Developer";
				COPY_PHASE_STRIP = YES;
				ENABLE_NS_ASSERTIONS = NO;
				ENABLE_STRICT_OBJC_MSGSEND = YES;
				GCC_C_LANGUAGE_STANDARD = gnu99;
				GCC_WARN_64_TO_32_BIT_CONVERSION = YES;
				GCC_WARN_ABOUT_RETURN_TYPE = YES_ERROR;
				GCC_WARN_UNDECLARED_SELECTOR = YES;
				GCC_WARN_UNINITIALIZED_AUTOS = YES_AGGRESSIVE;
				GCC_WARN_UNUSED_FUNCTION = YES;
				GCC_WARN_UNUSED_VARIABLE = YES;
				IPHONEOS_DEPLOYMENT_TARGET = 8.0;
				METAL_ENABLE_DEBUG_INFO = NO;
				SDKROOT = iphoneos;
				TARGETED_DEVICE_FAMILY = "1,2";
				VALIDATE_PRODUCT = YES;
			};
			name = Release;
		};
		6B45E6E9193DE45300263C1F /* Debug */ = {
			isa = XCBuildConfiguration;
			buildSettings = {
				ASSETCATALOG_COMPILER_APPICON_NAME = AppIcon;
				ASSETCATALOG_COMPILER_LAUNCHIMAGE_NAME = LaunchImage;
				INFOPLIST_FILE = Calculator/Info.plist;
				LD_RUNPATH_SEARCH_PATHS = "$(inherited) @executable_path/Frameworks";
				PRODUCT_NAME = "$(TARGET_NAME)";
			};
			name = Debug;
		};
		6B45E6EA193DE45300263C1F /* Release */ = {
			isa = XCBuildConfiguration;
			buildSettings = {
				ASSETCATALOG_COMPILER_APPICON_NAME = AppIcon;
				ASSETCATALOG_COMPILER_LAUNCHIMAGE_NAME = LaunchImage;
				INFOPLIST_FILE = Calculator/Info.plist;
				LD_RUNPATH_SEARCH_PATHS = "$(inherited) @executable_path/Frameworks";
				PRODUCT_NAME = "$(TARGET_NAME)";
			};
			name = Release;
		};
		6B45E6EC193DE45300263C1F /* Debug */ = {
			isa = XCBuildConfiguration;
			buildSettings = {
				BUNDLE_LOADER = "$(BUILT_PRODUCTS_DIR)/Calculator.app/Calculator";
				FRAMEWORK_SEARCH_PATHS = (
					"$(SDKROOT)/Developer/Library/Frameworks",
					"$(inherited)",
				);
				GCC_PREPROCESSOR_DEFINITIONS = (
					"DEBUG=1",
					"$(inherited)",
				);
				INFOPLIST_FILE = CalculatorTests/Info.plist;
				LD_RUNPATH_SEARCH_PATHS = "$(inherited) @executable_path/Frameworks @loader_path/Frameworks";
				METAL_ENABLE_DEBUG_INFO = YES;
				PRODUCT_NAME = "$(TARGET_NAME)";
				TEST_HOST = "$(BUNDLE_LOADER)";
			};
			name = Debug;
		};
		6B45E6ED193DE45300263C1F /* Release */ = {
			isa = XCBuildConfiguration;
			buildSettings = {
				BUNDLE_LOADER = "$(BUILT_PRODUCTS_DIR)/Calculator.app/Calculator";
				FRAMEWORK_SEARCH_PATHS = (
					"$(SDKROOT)/Developer/Library/Frameworks",
					"$(inherited)",
				);
				INFOPLIST_FILE = CalculatorTests/Info.plist;
				LD_RUNPATH_SEARCH_PATHS = "$(inherited) @executable_path/Frameworks @loader_path/Frameworks";
				METAL_ENABLE_DEBUG_INFO = NO;
				PRODUCT_NAME = "$(TARGET_NAME)";
				TEST_HOST = "$(BUNDLE_LOADER)";
			};
			name = Release;
		};
/* End XCBuildConfiguration section */

/* Begin XCConfigurationList section */
		6B45E6C7193DE45300263C1F /* Build configuration list for PBXProject "Calculator" */ = {
			isa = XCConfigurationList;
			buildConfigurations = (
				6B45E6E6193DE45300263C1F /* Debug */,
				6B45E6E7193DE45300263C1F /* Release */,
			);
			defaultConfigurationIsVisible = 0;
			defaultConfigurationName = Release;
		};
		6B45E6E8193DE45300263C1F /* Build configuration list for PBXNativeTarget "Calculator" */ = {
			isa = XCConfigurationList;
			buildConfigurations = (
				6B45E6E9193DE45300263C1F /* Debug */,
				6B45E6EA193DE45300263C1F /* Release */,
			);
			defaultConfigurationIsVisible = 0;
			defaultConfigurationName = Release;
		};
		6B45E6EB193DE45300263C1F /* Build configuration list for PBXNativeTarget "CalculatorTests" */ = {
			isa = XCConfigurationList;
			buildConfigurations = (
				6B45E6EC193DE45300263C1F /* Debug */,
				6B45E6ED193DE45300263C1F /* Release */,
			);
			defaultConfigurationIsVisible = 0;
			defaultConfigurationName = Release;
		};
/* End XCConfigurationList section */
	};
	rootObject = 6B45E6C4193DE45300263C1F /* Project object */;
}
